
Microsoft Visual Studio Solution File, Format Version 12.00
# Visual Studio 2012
Project("{8BC9CEB8-8B4A-11D0-8D11-00A0C91BC942}") = "Assign_05_01 - Inheritence", "Assign_05_01 - Inheritence\Assign_05_01 - Inheritence.vcxproj", "{78730A5C-B4E8-41D8-BFE8-BE3A593130AB}"
EndProject
Global
	GlobalSection(SolutionConfigurationPlatforms) = preSolution
		Debug|Win32 = Debug|Win32
		Release|Win32 = Release|Win32
	EndGlobalSection
	GlobalSection(ProjectConfigurationPlatforms) = postSolution
		{78730A5C-B4E8-41D8-BFE8-BE3A593130AB}.Debug|Win32.ActiveCfg = Debug|Win32
		{78730A5C-B4E8-41D8-BFE8-BE3A593130AB}.Debug|Win32.Build.0 = Debug|Win32
		{78730A5C-B4E8-41D8-BFE8-BE3A593130AB}.Release|Win32.ActiveCfg = Release|Win32
		{78730A5C-B4E8-41D8-BFE8-BE3A593130AB}.Release|Win32.Build.0 = Release|Win32
	EndGlobalSection
	GlobalSection(SolutionProperties) = preSolution
		HideSolutionNode = FALSE
	EndGlobalSection
EndGlobal
