
Microsoft Visual Studio Solution File, Format Version 12.00
# Visual Studio 2012
Project("{8BC9CEB8-8B4A-11D0-8D11-00A0C91BC942}") = "Assign_03_03 - PFArrayD Modification", "Assign_03_03 - PFArrayD Modification\Assign_03_03 - PFArrayD Modification.vcxproj", "{552C6304-3C74-4EA5-B249-D38E911F4708}"
EndProject
Global
	GlobalSection(SolutionConfigurationPlatforms) = preSolution
		Debug|Win32 = Debug|Win32
		Release|Win32 = Release|Win32
	EndGlobalSection
	GlobalSection(ProjectConfigurationPlatforms) = postSolution
		{552C6304-3C74-4EA5-B249-D38E911F4708}.Debug|Win32.ActiveCfg = Debug|Win32
		{552C6304-3C74-4EA5-B249-D38E911F4708}.Debug|Win32.Build.0 = Debug|Win32
		{552C6304-3C74-4EA5-B249-D38E911F4708}.Release|Win32.ActiveCfg = Release|Win32
		{552C6304-3C74-4EA5-B249-D38E911F4708}.Release|Win32.Build.0 = Release|Win32
	EndGlobalSection
	GlobalSection(SolutionProperties) = preSolution
		HideSolutionNode = FALSE
	EndGlobalSection
EndGlobal
