
Microsoft Visual Studio Solution File, Format Version 12.00
# Visual Studio 2012
Project("{8BC9CEB8-8B4A-11D0-8D11-00A0C91BC942}") = "Extra_Credit_02_01 - Parse Binary", "Extra_Credit_02_01 - Parse Binary\Extra_Credit_02_01 - Parse Binary.vcxproj", "{BF9589AE-7BF1-4173-9785-E0681FD79083}"
EndProject
Global
	GlobalSection(SolutionConfigurationPlatforms) = preSolution
		Debug|Win32 = Debug|Win32
		Release|Win32 = Release|Win32
	EndGlobalSection
	GlobalSection(ProjectConfigurationPlatforms) = postSolution
		{BF9589AE-7BF1-4173-9785-E0681FD79083}.Debug|Win32.ActiveCfg = Debug|Win32
		{BF9589AE-7BF1-4173-9785-E0681FD79083}.Debug|Win32.Build.0 = Debug|Win32
		{BF9589AE-7BF1-4173-9785-E0681FD79083}.Release|Win32.ActiveCfg = Release|Win32
		{BF9589AE-7BF1-4173-9785-E0681FD79083}.Release|Win32.Build.0 = Release|Win32
	EndGlobalSection
	GlobalSection(SolutionProperties) = preSolution
		HideSolutionNode = FALSE
	EndGlobalSection
EndGlobal
