
Microsoft Visual Studio Solution File, Format Version 12.00
# Visual Studio 2012
Project("{8BC9CEB8-8B4A-11D0-8D11-00A0C91BC942}") = "Assign_02_01 - Hot Dog Stand", "Assign_02_01 - Hot Dog Stand\Assign_02_01 - Hot Dog Stand.vcxproj", "{A7B88E37-DC91-4661-90DF-D57C33D6D997}"
EndProject
Global
	GlobalSection(SolutionConfigurationPlatforms) = preSolution
		Debug|Win32 = Debug|Win32
		Release|Win32 = Release|Win32
	EndGlobalSection
	GlobalSection(ProjectConfigurationPlatforms) = postSolution
		{A7B88E37-DC91-4661-90DF-D57C33D6D997}.Debug|Win32.ActiveCfg = Debug|Win32
		{A7B88E37-DC91-4661-90DF-D57C33D6D997}.Debug|Win32.Build.0 = Debug|Win32
		{A7B88E37-DC91-4661-90DF-D57C33D6D997}.Release|Win32.ActiveCfg = Release|Win32
		{A7B88E37-DC91-4661-90DF-D57C33D6D997}.Release|Win32.Build.0 = Release|Win32
	EndGlobalSection
	GlobalSection(SolutionProperties) = preSolution
		HideSolutionNode = FALSE
	EndGlobalSection
EndGlobal
