
Microsoft Visual Studio Solution File, Format Version 12.00
# Visual Studio 2012
Project("{8BC9CEB8-8B4A-11D0-8D11-00A0C91BC942}") = "Assign_01_02 - Point Class", "Assign_01_02 - Point Class\Assign_01_02 - Point Class.vcxproj", "{B4C28FD6-A685-448C-ABA0-78D405B04E8B}"
EndProject
Global
	GlobalSection(SolutionConfigurationPlatforms) = preSolution
		Debug|Win32 = Debug|Win32
		Release|Win32 = Release|Win32
	EndGlobalSection
	GlobalSection(ProjectConfigurationPlatforms) = postSolution
		{B4C28FD6-A685-448C-ABA0-78D405B04E8B}.Debug|Win32.ActiveCfg = Debug|Win32
		{B4C28FD6-A685-448C-ABA0-78D405B04E8B}.Debug|Win32.Build.0 = Debug|Win32
		{B4C28FD6-A685-448C-ABA0-78D405B04E8B}.Release|Win32.ActiveCfg = Release|Win32
		{B4C28FD6-A685-448C-ABA0-78D405B04E8B}.Release|Win32.Build.0 = Release|Win32
	EndGlobalSection
	GlobalSection(SolutionProperties) = preSolution
		HideSolutionNode = FALSE
	EndGlobalSection
EndGlobal
